// !$*UTF8*$!
{
	archiveVersion = 1;
	classes = {
	};
	objectVersion = 50;
	objects = {

/* Begin PBXBuildFile section */
		C320B3D52574BB370021390A /* UIImage+GB.m in Sources */ = {isa = PBXBuildFile; fileRef = C320B3D42574BB370021390A /* UIImage+GB.m */; };
		C34FE7E225133E6E0065713D /* AppDelegate.m in Sources */ = {isa = PBXBuildFile; fileRef = C34FE7E125133E6E0065713D /* AppDelegate.m */; };
		C34FE7E525133E6E0065713D /* SceneDelegate.m in Sources */ = {isa = PBXBuildFile; fileRef = C34FE7E425133E6E0065713D /* SceneDelegate.m */; };
		C34FE7E825133E6E0065713D /* ViewController.m in Sources */ = {isa = PBXBuildFile; fileRef = C34FE7E725133E6E0065713D /* ViewController.m */; };
		C34FE7EB25133E6E0065713D /* Main.storyboard in Resources */ = {isa = PBXBuildFile; fileRef = C34FE7E925133E6E0065713D /* Main.storyboard */; };
		C34FE7ED25133E720065713D /* Assets.xcassets in Resources */ = {isa = PBXBuildFile; fileRef = C34FE7EC25133E720065713D /* Assets.xcassets */; };
		C34FE7F025133E720065713D /* LaunchScreen.storyboard in Resources */ = {isa = PBXBuildFile; fileRef = C34FE7EE25133E720065713D /* LaunchScreen.storyboard */; };
		C34FE7F325133E720065713D /* main.m in Sources */ = {isa = PBXBuildFile; fileRef = C34FE7F225133E720065713D /* main.m */; };
		C34FE7FC251341B30065713D /* NSString+GB.m in Sources */ = {isa = PBXBuildFile; fileRef = C34FE7FB251341B30065713D /* NSString+GB.m */; };
		C3A221602537F77F00D7BC9C /* NSNumber+GB.m in Sources */ = {isa = PBXBuildFile; fileRef = C3A2215F2537F77F00D7BC9C /* NSNumber+GB.m */; };
		C3A221632537F78D00D7BC9C /* NSObject+GB.m in Sources */ = {isa = PBXBuildFile; fileRef = C3A221622537F78D00D7BC9C /* NSObject+GB.m */; };
		C3D1B5AF2553DA450021762F /* GBProxy.m in Sources */ = {isa = PBXBuildFile; fileRef = C3D1B5AE2553DA450021762F /* GBProxy.m */; };
		C3D1B5B62553E25C0021762F /* UIColor+GB.m in Sources */ = {isa = PBXBuildFile; fileRef = C3D1B5B52553E25C0021762F /* UIColor+GB.m */; };
		C3D1B5B825551ED50021762F /* README.txt in Resources */ = {isa = PBXBuildFile; fileRef = C3D1B5B725551ED50021762F /* README.txt */; };
		C67077F94F73E44277BB5EFC /* Pods_iOSWheels.framework in Frameworks */ = {isa = PBXBuildFile; fileRef = F2856AE98BFE5DAF11C8F932 /* Pods_iOSWheels.framework */; };
/* End PBXBuildFile section */

/* Begin PBXFileReference section */
		2D95C77A6FF744BBAC70DAE0 /* Pods-iOSWheels.debug.xcconfig */ = {isa = PBXFileReference; includeInIndex = 1; lastKnownFileType = text.xcconfig; name = "Pods-iOSWheels.debug.xcconfig"; path = "Target Support Files/Pods-iOSWheels/Pods-iOSWheels.debug.xcconfig"; sourceTree = "<group>"; };
		61611D4B2BE1C87424471BC8 /* Pods-iOSWheels.release.xcconfig */ = {isa = PBXFileReference; includeInIndex = 1; lastKnownFileType = text.xcconfig; name = "Pods-iOSWheels.release.xcconfig"; path = "Target Support Files/Pods-iOSWheels/Pods-iOSWheels.release.xcconfig"; sourceTree = "<group>"; };
		C320B3D32574BB370021390A /* UIImage+GB.h */ = {isa = PBXFileReference; lastKnownFileType = sourcecode.c.h; path = "UIImage+GB.h"; sourceTree = "<group>"; };
		C320B3D42574BB370021390A /* UIImage+GB.m */ = {isa = PBXFileReference; lastKnownFileType = sourcecode.c.objc; path = "UIImage+GB.m"; sourceTree = "<group>"; };
		C34FE7DD25133E6E0065713D /* iOSWheels.app */ = {isa = PBXFileReference; explicitFileType = wrapper.application; includeInIndex = 0; path = iOSWheels.app; sourceTree = BUILT_PRODUCTS_DIR; };
		C34FE7E025133E6E0065713D /* AppDelegate.h */ = {isa = PBXFileReference; lastKnownFileType = sourcecode.c.h; path = AppDelegate.h; sourceTree = "<group>"; };
		C34FE7E125133E6E0065713D /* AppDelegate.m */ = {isa = PBXFileReference; lastKnownFileType = sourcecode.c.objc; path = AppDelegate.m; sourceTree = "<group>"; };
		C34FE7E325133E6E0065713D /* SceneDelegate.h */ = {isa = PBXFileReference; lastKnownFileType = sourcecode.c.h; path = SceneDelegate.h; sourceTree = "<group>"; };
		C34FE7E425133E6E0065713D /* SceneDelegate.m */ = {isa = PBXFileReference; lastKnownFileType = sourcecode.c.objc; path = SceneDelegate.m; sourceTree = "<group>"; };
		C34FE7E625133E6E0065713D /* ViewController.h */ = {isa = PBXFileReference; lastKnownFileType = sourcecode.c.h; path = ViewController.h; sourceTree = "<group>"; };
		C34FE7E725133E6E0065713D /* ViewController.m */ = {isa = PBXFileReference; lastKnownFileType = sourcecode.c.objc; path = ViewController.m; sourceTree = "<group>"; };
		C34FE7EA25133E6E0065713D /* Base */ = {isa = PBXFileReference; lastKnownFileType = file.storyboard; name = Base; path = Base.lproj/Main.storyboard; sourceTree = "<group>"; };
		C34FE7EC25133E720065713D /* Assets.xcassets */ = {isa = PBXFileReference; lastKnownFileType = folder.assetcatalog; path = Assets.xcassets; sourceTree = "<group>"; };
		C34FE7EF25133E720065713D /* Base */ = {isa = PBXFileReference; lastKnownFileType = file.storyboard; name = Base; path = Base.lproj/LaunchScreen.storyboard; sourceTree = "<group>"; };
		C34FE7F125133E720065713D /* Info.plist */ = {isa = PBXFileReference; lastKnownFileType = text.plist.xml; path = Info.plist; sourceTree = "<group>"; };
		C34FE7F225133E720065713D /* main.m */ = {isa = PBXFileReference; lastKnownFileType = sourcecode.c.objc; path = main.m; sourceTree = "<group>"; };
		C34FE7FA251341B30065713D /* NSString+GB.h */ = {isa = PBXFileReference; lastKnownFileType = sourcecode.c.h; path = "NSString+GB.h"; sourceTree = "<group>"; };
		C34FE7FB251341B30065713D /* NSString+GB.m */ = {isa = PBXFileReference; lastKnownFileType = sourcecode.c.objc; path = "NSString+GB.m"; sourceTree = "<group>"; };
		C3A2215E2537F77F00D7BC9C /* NSNumber+GB.h */ = {isa = PBXFileReference; lastKnownFileType = sourcecode.c.h; path = "NSNumber+GB.h"; sourceTree = "<group>"; };
		C3A2215F2537F77F00D7BC9C /* NSNumber+GB.m */ = {isa = PBXFileReference; lastKnownFileType = sourcecode.c.objc; path = "NSNumber+GB.m"; sourceTree = "<group>"; };
		C3A221612537F78D00D7BC9C /* NSObject+GB.h */ = {isa = PBXFileReference; lastKnownFileType = sourcecode.c.h; path = "NSObject+GB.h"; sourceTree = "<group>"; };
		C3A221622537F78D00D7BC9C /* NSObject+GB.m */ = {isa = PBXFileReference; lastKnownFileType = sourcecode.c.objc; path = "NSObject+GB.m"; sourceTree = "<group>"; };
		C3D1B5AD2553DA450021762F /* GBProxy.h */ = {isa = PBXFileReference; fileEncoding = 4; lastKnownFileType = sourcecode.c.h; path = GBProxy.h; sourceTree = "<group>"; };
		C3D1B5AE2553DA450021762F /* GBProxy.m */ = {isa = PBXFileReference; fileEncoding = 4; lastKnownFileType = sourcecode.c.objc; path = GBProxy.m; sourceTree = "<group>"; };
		C3D1B5B12553DC380021762F /* iOSWheels.pch */ = {isa = PBXFileReference; lastKnownFileType = sourcecode.c.h; path = iOSWheels.pch; sourceTree = "<group>"; };
		C3D1B5B22553DF700021762F /* GBThreadMacro.h */ = {isa = PBXFileReference; lastKnownFileType = sourcecode.c.h; path = GBThreadMacro.h; sourceTree = "<group>"; };
		C3D1B5B32553E0FB0021762F /* iWUIMacro.h */ = {isa = PBXFileReference; lastKnownFileType = sourcecode.c.h; path = iWUIMacro.h; sourceTree = "<group>"; };
		C3D1B5B42553E25C0021762F /* UIColor+GB.h */ = {isa = PBXFileReference; lastKnownFileType = sourcecode.c.h; path = "UIColor+GB.h"; sourceTree = "<group>"; };
		C3D1B5B52553E25C0021762F /* UIColor+GB.m */ = {isa = PBXFileReference; lastKnownFileType = sourcecode.c.objc; path = "UIColor+GB.m"; sourceTree = "<group>"; };
		C3D1B5B725551ED50021762F /* README.txt */ = {isa = PBXFileReference; lastKnownFileType = text; path = README.txt; sourceTree = "<group>"; };
		F2856AE98BFE5DAF11C8F932 /* Pods_iOSWheels.framework */ = {isa = PBXFileReference; explicitFileType = wrapper.framework; includeInIndex = 0; path = Pods_iOSWheels.framework; sourceTree = BUILT_PRODUCTS_DIR; };
/* End PBXFileReference section */

/* Begin PBXFrameworksBuildPhase section */
		C34FE7DA25133E6E0065713D /* Frameworks */ = {
			isa = PBXFrameworksBuildPhase;
			buildActionMask = 2147483647;
			files = (
				C67077F94F73E44277BB5EFC /* Pods_iOSWheels.framework in Frameworks */,
			);
			runOnlyForDeploymentPostprocessing = 0;
		};
/* End PBXFrameworksBuildPhase section */

/* Begin PBXGroup section */
		8737202D9042B049D597915A /* Frameworks */ = {
			isa = PBXGroup;
			children = (
				F2856AE98BFE5DAF11C8F932 /* Pods_iOSWheels.framework */,
			);
			name = Frameworks;
			sourceTree = "<group>";
		};
		C34FE7D425133E6E0065713D = {
			isa = PBXGroup;
			children = (
				C34FE7DF25133E6E0065713D /* iOSWheels */,
				C34FE7DE25133E6E0065713D /* Products */,
				D74DBCE9921748BFD1C5E4BB /* Pods */,
				8737202D9042B049D597915A /* Frameworks */,
			);
			sourceTree = "<group>";
		};
		C34FE7DE25133E6E0065713D /* Products */ = {
			isa = PBXGroup;
			children = (
				C34FE7DD25133E6E0065713D /* iOSWheels.app */,
			);
			name = Products;
			sourceTree = "<group>";
		};
		C34FE7DF25133E6E0065713D /* iOSWheels */ = {
			isa = PBXGroup;
			children = (
				C3D1B5B725551ED50021762F /* README.txt */,
				C3D1B5B02553DBB50021762F /* Macro */,
				C3D1B5AC2553D9ED0021762F /* Base */,
				C34FE7F9251341710065713D /* Category */,
				C34FE7E025133E6E0065713D /* AppDelegate.h */,
				C34FE7E125133E6E0065713D /* AppDelegate.m */,
				C34FE7E325133E6E0065713D /* SceneDelegate.h */,
				C34FE7E425133E6E0065713D /* SceneDelegate.m */,
				C34FE7E625133E6E0065713D /* ViewController.h */,
				C34FE7E725133E6E0065713D /* ViewController.m */,
				C34FE7E925133E6E0065713D /* Main.storyboard */,
				C34FE7EC25133E720065713D /* Assets.xcassets */,
				C34FE7EE25133E720065713D /* LaunchScreen.storyboard */,
				C34FE7F125133E720065713D /* Info.plist */,
				C34FE7F225133E720065713D /* main.m */,
			);
			path = iOSWheels;
			sourceTree = "<group>";
		};
		C34FE7F9251341710065713D /* Category */ = {
			isa = PBXGroup;
			children = (
				C3A221612537F78D00D7BC9C /* NSObject+GB.h */,
				C3A221622537F78D00D7BC9C /* NSObject+GB.m */,
				C34FE7FA251341B30065713D /* NSString+GB.h */,
				C34FE7FB251341B30065713D /* NSString+GB.m */,
				C3A2215E2537F77F00D7BC9C /* NSNumber+GB.h */,
				C3A2215F2537F77F00D7BC9C /* NSNumber+GB.m */,
				C3D1B5B42553E25C0021762F /* UIColor+GB.h */,
				C3D1B5B52553E25C0021762F /* UIColor+GB.m */,
				C320B3D32574BB370021390A /* UIImage+GB.h */,
				C320B3D42574BB370021390A /* UIImage+GB.m */,
			);
			path = Category;
			sourceTree = "<group>";
		};
		C3D1B5AC2553D9ED0021762F /* Base */ = {
			isa = PBXGroup;
			children = (
				C3D1B5AD2553DA450021762F /* GBProxy.h */,
				C3D1B5AE2553DA450021762F /* GBProxy.m */,
			);
			path = Base;
			sourceTree = "<group>";
		};
		C3D1B5B02553DBB50021762F /* Macro */ = {
			isa = PBXGroup;
			children = (
				C3D1B5B12553DC380021762F /* iOSWheels.pch */,
				C3D1B5B32553E0FB0021762F /* iWUIMacro.h */,
				C3D1B5B22553DF700021762F /* GBThreadMacro.h */,
			);
			path = Macro;
			sourceTree = "<group>";
		};
		D74DBCE9921748BFD1C5E4BB /* Pods */ = {
			isa = PBXGroup;
			children = (
				2D95C77A6FF744BBAC70DAE0 /* Pods-iOSWheels.debug.xcconfig */,
				61611D4B2BE1C87424471BC8 /* Pods-iOSWheels.release.xcconfig */,
			);
			path = Pods;
			sourceTree = "<group>";
		};
/* End PBXGroup section */

/* Begin PBXNativeTarget section */
		C34FE7DC25133E6E0065713D /* iOSWheels */ = {
			isa = PBXNativeTarget;
			buildConfigurationList = C34FE7F625133E720065713D /* Build configuration list for PBXNativeTarget "iOSWheels" */;
			buildPhases = (
				2F1330F9B2B1BCB4562E26F9 /* [CP] Check Pods Manifest.lock */,
				C34FE7D925133E6E0065713D /* Sources */,
				C34FE7DA25133E6E0065713D /* Frameworks */,
				C34FE7DB25133E6E0065713D /* Resources */,
			);
			buildRules = (
			);
			dependencies = (
			);
			name = iOSWheels;
			productName = iOSWheels;
			productReference = C34FE7DD25133E6E0065713D /* iOSWheels.app */;
			productType = "com.apple.product-type.application";
		};
/* End PBXNativeTarget section */

/* Begin PBXProject section */
		C34FE7D525133E6E0065713D /* Project object */ = {
			isa = PBXProject;
			attributes = {
				LastUpgradeCheck = 1120;
				ORGANIZATIONNAME = baigang;
				TargetAttributes = {
					C34FE7DC25133E6E0065713D = {
						CreatedOnToolsVersion = 11.2.1;
					};
				};
			};
			buildConfigurationList = C34FE7D825133E6E0065713D /* Build configuration list for PBXProject "iOSWheels" */;
			compatibilityVersion = "Xcode 9.3";
			developmentRegion = en;
			hasScannedForEncodings = 0;
			knownRegions = (
				en,
				Base,
			);
			mainGroup = C34FE7D425133E6E0065713D;
			productRefGroup = C34FE7DE25133E6E0065713D /* Products */;
			projectDirPath = "";
			projectRoot = "";
			targets = (
				C34FE7DC25133E6E0065713D /* iOSWheels */,
			);
		};
/* End PBXProject section */

/* Begin PBXResourcesBuildPhase section */
		C34FE7DB25133E6E0065713D /* Resources */ = {
			isa = PBXResourcesBuildPhase;
			buildActionMask = 2147483647;
			files = (
				C34FE7F025133E720065713D /* LaunchScreen.storyboard in Resources */,
				C34FE7ED25133E720065713D /* Assets.xcassets in Resources */,
				C3D1B5B825551ED50021762F /* README.txt in Resources */,
				C34FE7EB25133E6E0065713D /* Main.storyboard in Resources */,
			);
			runOnlyForDeploymentPostprocessing = 0;
		};
/* End PBXResourcesBuildPhase section */

/* Begin PBXShellScriptBuildPhase section */
		2F1330F9B2B1BCB4562E26F9 /* [CP] Check Pods Manifest.lock */ = {
			isa = PBXShellScriptBuildPhase;
			buildActionMask = 2147483647;
			files = (
			);
			inputFileListPaths = (
			);
			inputPaths = (
				"${PODS_PODFILE_DIR_PATH}/Podfile.lock",
				"${PODS_ROOT}/Manifest.lock",
			);
			name = "[CP] Check Pods Manifest.lock";
			outputFileListPaths = (
			);
			outputPaths = (
				"$(DERIVED_FILE_DIR)/Pods-iOSWheels-checkManifestLockResult.txt",
			);
			runOnlyForDeploymentPostprocessing = 0;
			shellPath = /bin/sh;
			shellScript = "diff \"${PODS_PODFILE_DIR_PATH}/Podfile.lock\" \"${PODS_ROOT}/Manifest.lock\" > /dev/null\nif [ $? != 0 ] ; then\n    # print error to STDERR\n    echo \"error: The sandbox is not in sync with the Podfile.lock. Run 'pod install' or update your CocoaPods installation.\" >&2\n    exit 1\nfi\n# This output is used by Xcode 'outputs' to avoid re-running this script phase.\necho \"SUCCESS\" > \"${SCRIPT_OUTPUT_FILE_0}\"\n";
			showEnvVarsInLog = 0;
		};
/* End PBXShellScriptBuildPhase section */

/* Begin PBXSourcesBuildPhase section */
		C34FE7D925133E6E0065713D /* Sources */ = {
			isa = PBXSourcesBuildPhase;
			buildActionMask = 2147483647;
			files = (
				C320B3D52574BB370021390A /* UIImage+GB.m in Sources */,
				C3A221602537F77F00D7BC9C /* NSNumber+GB.m in Sources */,
				C34FE7E825133E6E0065713D /* ViewController.m in Sources */,
				C34FE7FC251341B30065713D /* NSString+GB.m in Sources */,
				C3A221632537F78D00D7BC9C /* NSObject+GB.m in Sources */,
				C34FE7E225133E6E0065713D /* AppDelegate.m in Sources */,
				C3D1B5B62553E25C0021762F /* UIColor+GB.m in Sources */,
				C34FE7F325133E720065713D /* main.m in Sources */,
				C3D1B5AF2553DA450021762F /* GBProxy.m in Sources */,
				C34FE7E525133E6E0065713D /* SceneDelegate.m in Sources */,
			);
			runOnlyForDeploymentPostprocessing = 0;
		};
/* End PBXSourcesBuildPhase section */

/* Begin PBXVariantGroup section */
		C34FE7E925133E6E0065713D /* Main.storyboard */ = {
			isa = PBXVariantGroup;
			children = (
				C34FE7EA25133E6E0065713D /* Base */,
			);
			name = Main.storyboard;
			sourceTree = "<group>";
		};
		C34FE7EE25133E720065713D /* LaunchScreen.storyboard */ = {
			isa = PBXVariantGroup;
			children = (
				C34FE7EF25133E720065713D /* Base */,
			);
			name = LaunchScreen.storyboard;
			sourceTree = "<group>";
		};
/* End PBXVariantGroup section */

/* Begin XCBuildConfiguration section */
		C34FE7F425133E720065713D /* Debug */ = {
			isa = XCBuildConfiguration;
			buildSettings = {
				ALWAYS_SEARCH_USER_PATHS = NO;
				CLANG_ANALYZER_NONNULL = YES;
				CLANG_ANALYZER_NUMBER_OBJECT_CONVERSION = YES_AGGRESSIVE;
				CLANG_CXX_LANGUAGE_STANDARD = "gnu++14";
				CLANG_CXX_LIBRARY = "libc++";
				CLANG_ENABLE_MODULES = YES;
				CLANG_ENABLE_OBJC_ARC = YES;
				CLANG_ENABLE_OBJC_WEAK = YES;
				CLANG_WARN_BLOCK_CAPTURE_AUTORELEASING = YES;
				CLANG_WARN_BOOL_CONVERSION = YES;
				CLANG_WARN_COMMA = YES;
				CLANG_WARN_CONSTANT_CONVERSION = YES;
				CLANG_WARN_DEPRECATED_OBJC_IMPLEMENTATIONS = YES;
				CLANG_WARN_DIRECT_OBJC_ISA_USAGE = YES_ERROR;
				CLANG_WARN_DOCUMENTATION_COMMENTS = YES;
				CLANG_WARN_EMPTY_BODY = YES;
				CLANG_WARN_ENUM_CONVERSION = YES;
				CLANG_WARN_INFINITE_RECURSION = YES;
				CLANG_WARN_INT_CONVERSION = YES;
				CLANG_WARN_NON_LITERAL_NULL_CONVERSION = YES;
				CLANG_WARN_OBJC_IMPLICIT_RETAIN_SELF = YES;
				CLANG_WARN_OBJC_LITERAL_CONVERSION = YES;
				CLANG_WARN_OBJC_ROOT_CLASS = YES_ERROR;
				CLANG_WARN_RANGE_LOOP_ANALYSIS = YES;
				CLANG_WARN_STRICT_PROTOTYPES = YES;
				CLANG_WARN_SUSPICIOUS_MOVE = YES;
				CLANG_WARN_UNGUARDED_AVAILABILITY = YES_AGGRESSIVE;
				CLANG_WARN_UNREACHABLE_CODE = YES;
				CLANG_WARN__DUPLICATE_METHOD_MATCH = YES;
				COPY_PHASE_STRIP = NO;
				DEBUG_INFORMATION_FORMAT = dwarf;
				ENABLE_STRICT_OBJC_MSGSEND = YES;
				ENABLE_TESTABILITY = YES;
				GCC_C_LANGUAGE_STANDARD = gnu11;
				GCC_DYNAMIC_NO_PIC = NO;
				GCC_NO_COMMON_BLOCKS = YES;
				GCC_OPTIMIZATION_LEVEL = 0;
				GCC_PREPROCESSOR_DEFINITIONS = (
					"DEBUG=1",
					"$(inherited)",
				);
				GCC_WARN_64_TO_32_BIT_CONVERSION = YES;
				GCC_WARN_ABOUT_RETURN_TYPE = YES_ERROR;
				GCC_WARN_UNDECLARED_SELECTOR = YES;
				GCC_WARN_UNINITIALIZED_AUTOS = YES_AGGRESSIVE;
				GCC_WARN_UNUSED_FUNCTION = YES;
				GCC_WARN_UNUSED_VARIABLE = YES;
				IPHONEOS_DEPLOYMENT_TARGET = 13.2;
				MTL_ENABLE_DEBUG_INFO = INCLUDE_SOURCE;
				MTL_FAST_MATH = YES;
				ONLY_ACTIVE_ARCH = YES;
				SDKROOT = iphoneos;
			};
			name = Debug;
		};
		C34FE7F525133E720065713D /* Release */ = {
			isa = XCBuildConfiguration;
			buildSettings = {
				ALWAYS_SEARCH_USER_PATHS = NO;
				CLANG_ANALYZER_NONNULL = YES;
				CLANG_ANALYZER_NUMBER_OBJECT_CONVERSION = YES_AGGRESSIVE;
				CLANG_CXX_LANGUAGE_STANDARD = "gnu++14";
				CLANG_CXX_LIBRARY = "libc++";
				CLANG_ENABLE_MODULES = YES;
				CLANG_ENABLE_OBJC_ARC = YES;
				CLANG_ENABLE_OBJC_WEAK = YES;
				CLANG_WARN_BLOCK_CAPTURE_AUTORELEASING = YES;
				CLANG_WARN_BOOL_CONVERSION = YES;
				CLANG_WARN_COMMA = YES;
				CLANG_WARN_CONSTANT_CONVERSION = YES;
				CLANG_WARN_DEPRECATED_OBJC_IMPLEMENTATIONS = YES;
				CLANG_WARN_DIRECT_OBJC_ISA_USAGE = YES_ERROR;
				CLANG_WARN_DOCUMENTATION_COMMENTS = YES;
				CLANG_WARN_EMPTY_BODY = YES;
				CLANG_WARN_ENUM_CONVERSION = YES;
				CLANG_WARN_INFINITE_RECURSION = YES;
				CLANG_WARN_INT_CONVERSION = YES;
				CLANG_WARN_NON_LITERAL_NULL_CONVERSION = YES;
				CLANG_WARN_OBJC_IMPLICIT_RETAIN_SELF = YES;
				CLANG_WARN_OBJC_LITERAL_CONVERSION = YES;
				CLANG_WARN_OBJC_ROOT_CLASS = YES_ERROR;
				CLANG_WARN_RANGE_LOOP_ANALYSIS = YES;
				CLANG_WARN_STRICT_PROTOTYPES = YES;
				CLANG_WARN_SUSPICIOUS_MOVE = YES;
				CLANG_WARN_UNGUARDED_AVAILABILITY = YES_AGGRESSIVE;
				CLANG_WARN_UNREACHABLE_CODE = YES;
				CLANG_WARN__DUPLICATE_METHOD_MATCH = YES;
				COPY_PHASE_STRIP = NO;
				DEBUG_INFORMATION_FORMAT = "dwarf-with-dsym";
				ENABLE_NS_ASSERTIONS = NO;
				ENABLE_STRICT_OBJC_MSGSEND = YES;
				GCC_C_LANGUAGE_STANDARD = gnu11;
				GCC_NO_COMMON_BLOCKS = YES;
				GCC_WARN_64_TO_32_BIT_CONVERSION = YES;
				GCC_WARN_ABOUT_RETURN_TYPE = YES_ERROR;
				GCC_WARN_UNDECLARED_SELECTOR = YES;
				GCC_WARN_UNINITIALIZED_AUTOS = YES_AGGRESSIVE;
				GCC_WARN_UNUSED_FUNCTION = YES;
				GCC_WARN_UNUSED_VARIABLE = YES;
				IPHONEOS_DEPLOYMENT_TARGET = 13.2;
				MTL_ENABLE_DEBUG_INFO = NO;
				MTL_FAST_MATH = YES;
				SDKROOT = iphoneos;
				VALIDATE_PRODUCT = YES;
			};
			name = Release;
		};
		C34FE7F725133E720065713D /* Debug */ = {
			isa = XCBuildConfiguration;
			baseConfigurationReference = 2D95C77A6FF744BBAC70DAE0 /* Pods-iOSWheels.debug.xcconfig */;
			buildSettings = {
				ASSETCATALOG_COMPILER_APPICON_NAME = AppIcon;
				CODE_SIGN_STYLE = Automatic;
				DEVELOPMENT_TEAM = 72S3HVP3QJ;
				GCC_PREFIX_HEADER = iOSWheels/Macro/iOSWheels.pch;
				INFOPLIST_FILE = iOSWheels/Info.plist;
				IPHONEOS_DEPLOYMENT_TARGET = 10.0;
				LD_RUNPATH_SEARCH_PATHS = (
					"$(inherited)",
					"@executable_path/Frameworks",
				);
				PRODUCT_BUNDLE_IDENTIFIER = com.baigang.iOSWheels;
				PRODUCT_NAME = "$(TARGET_NAME)";
				TARGETED_DEVICE_FAMILY = "1,2";
				VALID_ARCHS = "arm64 armv7";
			};
			name = Debug;
		};
		C34FE7F825133E720065713D /* Release */ = {
			isa = XCBuildConfiguration;
			baseConfigurationReference = 61611D4B2BE1C87424471BC8 /* Pods-iOSWheels.release.xcconfig */;
			buildSettings = {
				ASSETCATALOG_COMPILER_APPICON_NAME = AppIcon;
				CODE_SIGN_STYLE = Automatic;
				DEVELOPMENT_TEAM = 72S3HVP3QJ;
				GCC_PREFIX_HEADER = iOSWheels/Macro/iOSWheels.pch;
				INFOPLIST_FILE = iOSWheels/Info.plist;
				IPHONEOS_DEPLOYMENT_TARGET = 10.0;
				LD_RUNPATH_SEARCH_PATHS = (
					"$(inherited)",
					"@executable_path/Frameworks",
				);
				PRODUCT_BUNDLE_IDENTIFIER = com.baigang.iOSWheels;
				PRODUCT_NAME = "$(TARGET_NAME)";
				TARGETED_DEVICE_FAMILY = "1,2";
				VALID_ARCHS = "arm64 armv7";
			};
			name = Release;
		};
/* End XCBuildConfiguration section */

/* Begin XCConfigurationList section */
		C34FE7D825133E6E0065713D /* Build configuration list for PBXProject "iOSWheels" */ = {
			isa = XCConfigurationList;
			buildConfigurations = (
				C34FE7F425133E720065713D /* Debug */,
				C34FE7F525133E720065713D /* Release */,
			);
			defaultConfigurationIsVisible = 0;
			defaultConfigurationName = Release;
		};
		C34FE7F625133E720065713D /* Build configuration list for PBXNativeTarget "iOSWheels" */ = {
			isa = XCConfigurationList;
			buildConfigurations = (
				C34FE7F725133E720065713D /* Debug */,
				C34FE7F825133E720065713D /* Release */,
			);
			defaultConfigurationIsVisible = 0;
			defaultConfigurationName = Release;
		};
/* End XCConfigurationList section */
	};
	rootObject = C34FE7D525133E6E0065713D /* Project object */;
}
